// !$*UTF8*$!
{
	archiveVersion = 1;
	classes = {
	};
	objectVersion = 46;
	objects = {

/* Begin PBXBuildFile section */
		0714840B1D7C85C60078D15F /* BLEPlus.swift in Sources */ = {isa = PBXBuildFile; fileRef = 0714840A1D7C85C60078D15F /* BLEPlus.swift */; };
		0775BC6F1D712EC3005E44C8 /* BLEPlus.framework in Frameworks */ = {isa = PBXBuildFile; fileRef = 07842C221D6C08C700BADF79 /* BLEPlus.framework */; };
		0775BC761D712EE3005E44C8 /* BLEPlusTestAdvertisementData.swift in Sources */ = {isa = PBXBuildFile; fileRef = 0775BC751D712EE3005E44C8 /* BLEPlusTestAdvertisementData.swift */; };
		0775BC781D713149005E44C8 /* BLEPlusTestMessageProvider_FileHandle.swift in Sources */ = {isa = PBXBuildFile; fileRef = 0775BC771D713149005E44C8 /* BLEPlusTestMessageProvider_FileHandle.swift */; };
		0775BC7A1D7131C8005E44C8 /* IMG_5543.JPG in Resources */ = {isa = PBXBuildFile; fileRef = 0775BC791D7131C8005E44C8 /* IMG_5543.JPG */; };
		0775BC7C1D7149F9005E44C8 /* BLEPlusTestMessageProvider_NSData.swift in Sources */ = {isa = PBXBuildFile; fileRef = 0775BC7B1D7149F9005E44C8 /* BLEPlusTestMessageProvider_NSData.swift */; };
		0775BC7E1D714F9E005E44C8 /* BLEPlusTestMessageReceiver_NSFileHandle.swift in Sources */ = {isa = PBXBuildFile; fileRef = 0775BC7D1D714F9E005E44C8 /* BLEPlusTestMessageReceiver_NSFileHandle.swift */; };
		0775BC801D721B1F005E44C8 /* BLEPlusSerialServiceController.swift in Sources */ = {isa = PBXBuildFile; fileRef = 0775BC7F1D721B1F005E44C8 /* BLEPlusSerialServiceController.swift */; };
		0775BC821D728FD6005E44C8 /* IMG_5595.JPG in Resources */ = {isa = PBXBuildFile; fileRef = 0775BC811D728FD6005E44C8 /* IMG_5595.JPG */; };
		0775BC841D72A0A6005E44C8 /* BLEPlusTestMessageProvider.swift in Sources */ = {isa = PBXBuildFile; fileRef = 0775BC831D72A0A6005E44C8 /* BLEPlusTestMessageProvider.swift */; };
		0775BC861D72A0F0005E44C8 /* BLEPlusTestMessageReceiver.swift in Sources */ = {isa = PBXBuildFile; fileRef = 0775BC851D72A0F0005E44C8 /* BLEPlusTestMessageReceiver.swift */; };
		0775BC881D72A200005E44C8 /* BLEPlusTestMessageReceiver_NSData.swift in Sources */ = {isa = PBXBuildFile; fileRef = 0775BC871D72A200005E44C8 /* BLEPlusTestMessageReceiver_NSData.swift */; };
		0775BC8A1D7331ED005E44C8 /* BLEPlusTestUserMssage.swift in Sources */ = {isa = PBXBuildFile; fileRef = 0775BC891D7331ED005E44C8 /* BLEPlusTestUserMssage.swift */; };
		0775BCFC1D7674A3005E44C8 /* BLEPlusIOS.h in Headers */ = {isa = PBXBuildFile; fileRef = 0775BCFB1D7674A3005E44C8 /* BLEPlusIOS.h */; settings = {ATTRIBUTES = (Public, ); }; };
		0775BD011D7674AD005E44C8 /* BLEAdvertisementData.swift in Sources */ = {isa = PBXBuildFile; fileRef = 07842C3B1D6E97AA00BADF79 /* BLEAdvertisementData.swift */; };
		0775BD021D7674AD005E44C8 /* BLECentralManager.swift in Sources */ = {isa = PBXBuildFile; fileRef = 07842C3D1D6E97BD00BADF79 /* BLECentralManager.swift */; };
		0775BD031D7674AD005E44C8 /* BLEPeripheral.swift in Sources */ = {isa = PBXBuildFile; fileRef = 07842C3E1D6E97BD00BADF79 /* BLEPeripheral.swift */; };
		0775BD051D7674AD005E44C8 /* BLEPlusSerialServiceController.swift in Sources */ = {isa = PBXBuildFile; fileRef = 0775BC7F1D721B1F005E44C8 /* BLEPlusSerialServiceController.swift */; };
		0775BD061D7674AD005E44C8 /* BLEPlusSerialServiceProtocolMessage.swift in Sources */ = {isa = PBXBuildFile; fileRef = 07842C311D6CA9B200BADF79 /* BLEPlusSerialServiceProtocolMessage.swift */; };
		0775BD071D7674AD005E44C8 /* BLEPlusSerialServicePacketProvider.swift in Sources */ = {isa = PBXBuildFile; fileRef = 07842C411D6EA01000BADF79 /* BLEPlusSerialServicePacketProvider.swift */; };
		0775BD081D7674AD005E44C8 /* BLEPlusSerialServicePacketReceiver.swift in Sources */ = {isa = PBXBuildFile; fileRef = 07842C2F1D6C0C9F00BADF79 /* BLEPlusSerialServicePacketReceiver.swift */; };
		0775BD091D7674AD005E44C8 /* BLEPlusSerialServiceMessage.swift in Sources */ = {isa = PBXBuildFile; fileRef = 07C7311B1D732EAA00D5D49A /* BLEPlusSerialServiceMessage.swift */; };
		07842C261D6C08C700BADF79 /* BLEPlus.h in Headers */ = {isa = PBXBuildFile; fileRef = 07842C251D6C08C700BADF79 /* BLEPlus.h */; settings = {ATTRIBUTES = (Public, ); }; };
		07842C301D6C0C9F00BADF79 /* BLEPlusSerialServicePacketReceiver.swift in Sources */ = {isa = PBXBuildFile; fileRef = 07842C2F1D6C0C9F00BADF79 /* BLEPlusSerialServicePacketReceiver.swift */; };
		07842C321D6CA9B200BADF79 /* BLEPlusSerialServiceProtocolMessage.swift in Sources */ = {isa = PBXBuildFile; fileRef = 07842C311D6CA9B200BADF79 /* BLEPlusSerialServiceProtocolMessage.swift */; };
		07842C3C1D6E97AA00BADF79 /* BLEAdvertisementData.swift in Sources */ = {isa = PBXBuildFile; fileRef = 07842C3B1D6E97AA00BADF79 /* BLEAdvertisementData.swift */; };
		07842C3F1D6E97BD00BADF79 /* BLECentralManager.swift in Sources */ = {isa = PBXBuildFile; fileRef = 07842C3D1D6E97BD00BADF79 /* BLECentralManager.swift */; };
		07842C401D6E97BD00BADF79 /* BLEPeripheral.swift in Sources */ = {isa = PBXBuildFile; fileRef = 07842C3E1D6E97BD00BADF79 /* BLEPeripheral.swift */; };
		07842C421D6EA01000BADF79 /* BLEPlusSerialServicePacketProvider.swift in Sources */ = {isa = PBXBuildFile; fileRef = 07842C411D6EA01000BADF79 /* BLEPlusSerialServicePacketProvider.swift */; };
		07A193351D77B1E700CC03DC /* TODO.txt in Resources */ = {isa = PBXBuildFile; fileRef = 07A193341D77B1E700CC03DC /* TODO.txt */; };
		07C375F81D7DC287007BE013 /* BLEPlusRequestResponseController.swift in Sources */ = {isa = PBXBuildFile; fileRef = 07C375F71D7DC287007BE013 /* BLEPlusRequestResponseController.swift */; };
		07C375F91D7DDCE3007BE013 /* BLEPlusRequestResponseController.swift in Sources */ = {isa = PBXBuildFile; fileRef = 07C375F71D7DC287007BE013 /* BLEPlusRequestResponseController.swift */; };
		07C7311C1D732EAA00D5D49A /* BLEPlusSerialServiceMessage.swift in Sources */ = {isa = PBXBuildFile; fileRef = 07C7311B1D732EAA00D5D49A /* BLEPlusSerialServiceMessage.swift */; };
		07DB27431D805818009E839C /* BLEPlusHeartRateService.swift in Sources */ = {isa = PBXBuildFile; fileRef = 07DB27421D805818009E839C /* BLEPlusHeartRateService.swift */; };
		07DB27441D805A56009E839C /* BLEPlus.swift in Sources */ = {isa = PBXBuildFile; fileRef = 0714840A1D7C85C60078D15F /* BLEPlus.swift */; };
		07DB27451D805A56009E839C /* BLEPlusHeartRateService.swift in Sources */ = {isa = PBXBuildFile; fileRef = 07DB27421D805818009E839C /* BLEPlusHeartRateService.swift */; };
		07DB27471D805B37009E839C /* BLEPlusServiceSpec.swift in Sources */ = {isa = PBXBuildFile; fileRef = 07DB27461D805B37009E839C /* BLEPlusServiceSpec.swift */; };
		07DB27491D805B68009E839C /* BLEPlusCharacteristicSpec.swift in Sources */ = {isa = PBXBuildFile; fileRef = 07DB27481D805B68009E839C /* BLEPlusCharacteristicSpec.swift */; };
/* End PBXBuildFile section */

/* Begin PBXContainerItemProxy section */
		0775BC701D712EC3005E44C8 /* PBXContainerItemProxy */ = {
			isa = PBXContainerItemProxy;
			containerPortal = 07842C191D6C08C700BADF79 /* Project object */;
			proxyType = 1;
			remoteGlobalIDString = 07842C211D6C08C700BADF79;
			remoteInfo = BLEPlus;
		};
/* End PBXContainerItemProxy section */

/* Begin PBXFileReference section */
		0714840A1D7C85C60078D15F /* BLEPlus.swift */ = {isa = PBXFileReference; fileEncoding = 4; lastKnownFileType = sourcecode.swift; path = BLEPlus.swift; sourceTree = "<group>"; };
		0775BC6A1D712EC3005E44C8 /* BLEPlusTests.xctest */ = {isa = PBXFileReference; explicitFileType = wrapper.cfbundle; includeInIndex = 0; path = BLEPlusTests.xctest; sourceTree = BUILT_PRODUCTS_DIR; };
		0775BC6E1D712EC3005E44C8 /* Info.plist */ = {isa = PBXFileReference; lastKnownFileType = text.plist.xml; path = Info.plist; sourceTree = "<group>"; };
		0775BC751D712EE3005E44C8 /* BLEPlusTestAdvertisementData.swift */ = {isa = PBXFileReference; fileEncoding = 4; lastKnownFileType = sourcecode.swift; path = BLEPlusTestAdvertisementData.swift; sourceTree = "<group>"; };
		0775BC771D713149005E44C8 /* BLEPlusTestMessageProvider_FileHandle.swift */ = {isa = PBXFileReference; fileEncoding = 4; lastKnownFileType = sourcecode.swift; path = BLEPlusTestMessageProvider_FileHandle.swift; sourceTree = "<group>"; };
		0775BC791D7131C8005E44C8 /* IMG_5543.JPG */ = {isa = PBXFileReference; lastKnownFileType = image.jpeg; path = IMG_5543.JPG; sourceTree = "<group>"; };
		0775BC7B1D7149F9005E44C8 /* BLEPlusTestMessageProvider_NSData.swift */ = {isa = PBXFileReference; fileEncoding = 4; lastKnownFileType = sourcecode.swift; path = BLEPlusTestMessageProvider_NSData.swift; sourceTree = "<group>"; };
		0775BC7D1D714F9E005E44C8 /* BLEPlusTestMessageReceiver_NSFileHandle.swift */ = {isa = PBXFileReference; fileEncoding = 4; lastKnownFileType = sourcecode.swift; path = BLEPlusTestMessageReceiver_NSFileHandle.swift; sourceTree = "<group>"; };
		0775BC7F1D721B1F005E44C8 /* BLEPlusSerialServiceController.swift */ = {isa = PBXFileReference; fileEncoding = 4; lastKnownFileType = sourcecode.swift; path = BLEPlusSerialServiceController.swift; sourceTree = "<group>"; };
		0775BC811D728FD6005E44C8 /* IMG_5595.JPG */ = {isa = PBXFileReference; lastKnownFileType = image.jpeg; path = IMG_5595.JPG; sourceTree = "<group>"; };
		0775BC831D72A0A6005E44C8 /* BLEPlusTestMessageProvider.swift */ = {isa = PBXFileReference; fileEncoding = 4; lastKnownFileType = sourcecode.swift; path = BLEPlusTestMessageProvider.swift; sourceTree = "<group>"; };
		0775BC851D72A0F0005E44C8 /* BLEPlusTestMessageReceiver.swift */ = {isa = PBXFileReference; fileEncoding = 4; lastKnownFileType = sourcecode.swift; path = BLEPlusTestMessageReceiver.swift; sourceTree = "<group>"; };
		0775BC871D72A200005E44C8 /* BLEPlusTestMessageReceiver_NSData.swift */ = {isa = PBXFileReference; fileEncoding = 4; lastKnownFileType = sourcecode.swift; path = BLEPlusTestMessageReceiver_NSData.swift; sourceTree = "<group>"; };
		0775BC891D7331ED005E44C8 /* BLEPlusTestUserMssage.swift */ = {isa = PBXFileReference; fileEncoding = 4; lastKnownFileType = sourcecode.swift; path = BLEPlusTestUserMssage.swift; sourceTree = "<group>"; };
		0775BCF91D7674A3005E44C8 /* BLEPlusIOS.framework */ = {isa = PBXFileReference; explicitFileType = wrapper.framework; includeInIndex = 0; path = BLEPlusIOS.framework; sourceTree = BUILT_PRODUCTS_DIR; };
		0775BCFB1D7674A3005E44C8 /* BLEPlusIOS.h */ = {isa = PBXFileReference; lastKnownFileType = sourcecode.c.h; path = BLEPlusIOS.h; sourceTree = "<group>"; };
		0775BCFD1D7674A3005E44C8 /* Info.plist */ = {isa = PBXFileReference; lastKnownFileType = text.plist.xml; path = Info.plist; sourceTree = "<group>"; };
		07842C221D6C08C700BADF79 /* BLEPlus.framework */ = {isa = PBXFileReference; explicitFileType = wrapper.framework; includeInIndex = 0; path = BLEPlus.framework; sourceTree = BUILT_PRODUCTS_DIR; };
		07842C251D6C08C700BADF79 /* BLEPlus.h */ = {isa = PBXFileReference; lastKnownFileType = sourcecode.c.h; path = BLEPlus.h; sourceTree = "<group>"; };
		07842C271D6C08C700BADF79 /* Info.plist */ = {isa = PBXFileReference; lastKnownFileType = text.plist.xml; path = Info.plist; sourceTree = "<group>"; };
		07842C2F1D6C0C9F00BADF79 /* BLEPlusSerialServicePacketReceiver.swift */ = {isa = PBXFileReference; fileEncoding = 4; lastKnownFileType = sourcecode.swift; path = BLEPlusSerialServicePacketReceiver.swift; sourceTree = "<group>"; };
		07842C311D6CA9B200BADF79 /* BLEPlusSerialServiceProtocolMessage.swift */ = {isa = PBXFileReference; fileEncoding = 4; lastKnownFileType = sourcecode.swift; path = BLEPlusSerialServiceProtocolMessage.swift; sourceTree = "<group>"; };
		07842C3B1D6E97AA00BADF79 /* BLEAdvertisementData.swift */ = {isa = PBXFileReference; fileEncoding = 4; lastKnownFileType = sourcecode.swift; path = BLEAdvertisementData.swift; sourceTree = "<group>"; };
		07842C3D1D6E97BD00BADF79 /* BLECentralManager.swift */ = {isa = PBXFileReference; fileEncoding = 4; lastKnownFileType = sourcecode.swift; path = BLECentralManager.swift; sourceTree = "<group>"; };
		07842C3E1D6E97BD00BADF79 /* BLEPeripheral.swift */ = {isa = PBXFileReference; fileEncoding = 4; lastKnownFileType = sourcecode.swift; path = BLEPeripheral.swift; sourceTree = "<group>"; };
		07842C411D6EA01000BADF79 /* BLEPlusSerialServicePacketProvider.swift */ = {isa = PBXFileReference; fileEncoding = 4; lastKnownFileType = sourcecode.swift; path = BLEPlusSerialServicePacketProvider.swift; sourceTree = "<group>"; };
		07A193341D77B1E700CC03DC /* TODO.txt */ = {isa = PBXFileReference; fileEncoding = 4; lastKnownFileType = text; name = TODO.txt; path = ../TODO.txt; sourceTree = "<group>"; };
		07C375F71D7DC287007BE013 /* BLEPlusRequestResponseController.swift */ = {isa = PBXFileReference; fileEncoding = 4; lastKnownFileType = sourcecode.swift; path = BLEPlusRequestResponseController.swift; sourceTree = "<group>"; };
		07C7311B1D732EAA00D5D49A /* BLEPlusSerialServiceMessage.swift */ = {isa = PBXFileReference; fileEncoding = 4; lastKnownFileType = sourcecode.swift; path = BLEPlusSerialServiceMessage.swift; sourceTree = "<group>"; };
		07DB27421D805818009E839C /* BLEPlusHeartRateService.swift */ = {isa = PBXFileReference; fileEncoding = 4; lastKnownFileType = sourcecode.swift; path = BLEPlusHeartRateService.swift; sourceTree = "<group>"; };
		07DB27461D805B37009E839C /* BLEPlusServiceSpec.swift */ = {isa = PBXFileReference; fileEncoding = 4; lastKnownFileType = sourcecode.swift; path = BLEPlusServiceSpec.swift; sourceTree = "<group>"; };
		07DB27481D805B68009E839C /* BLEPlusCharacteristicSpec.swift */ = {isa = PBXFileReference; fileEncoding = 4; lastKnownFileType = sourcecode.swift; path = BLEPlusCharacteristicSpec.swift; sourceTree = "<group>"; };
/* End PBXFileReference section */

/* Begin PBXFrameworksBuildPhase section */
		0775BC671D712EC3005E44C8 /* Frameworks */ = {
			isa = PBXFrameworksBuildPhase;
			buildActionMask = 2147483647;
			files = (
				0775BC6F1D712EC3005E44C8 /* BLEPlus.framework in Frameworks */,
			);
			runOnlyForDeploymentPostprocessing = 0;
		};
		0775BCF51D7674A3005E44C8 /* Frameworks */ = {
			isa = PBXFrameworksBuildPhase;
			buildActionMask = 2147483647;
			files = (
			);
			runOnlyForDeploymentPostprocessing = 0;
		};
		07842C1E1D6C08C700BADF79 /* Frameworks */ = {
			isa = PBXFrameworksBuildPhase;
			buildActionMask = 2147483647;
			files = (
			);
			runOnlyForDeploymentPostprocessing = 0;
		};
/* End PBXFrameworksBuildPhase section */

/* Begin PBXGroup section */
		0775BC6B1D712EC3005E44C8 /* BLEPlusTests */ = {
			isa = PBXGroup;
			children = (
				0775BC891D7331ED005E44C8 /* BLEPlusTestUserMssage.swift */,
				0775BC751D712EE3005E44C8 /* BLEPlusTestAdvertisementData.swift */,
				0775BC771D713149005E44C8 /* BLEPlusTestMessageProvider_FileHandle.swift */,
				0775BC7B1D7149F9005E44C8 /* BLEPlusTestMessageProvider_NSData.swift */,
				0775BC831D72A0A6005E44C8 /* BLEPlusTestMessageProvider.swift */,
				0775BC871D72A200005E44C8 /* BLEPlusTestMessageReceiver_NSData.swift */,
				0775BC7D1D714F9E005E44C8 /* BLEPlusTestMessageReceiver_NSFileHandle.swift */,
				0775BC851D72A0F0005E44C8 /* BLEPlusTestMessageReceiver.swift */,
				0775BC791D7131C8005E44C8 /* IMG_5543.JPG */,
				0775BC811D728FD6005E44C8 /* IMG_5595.JPG */,
				0775BC6E1D712EC3005E44C8 /* Info.plist */,
			);
			path = BLEPlusTests;
			sourceTree = "<group>";
		};
		0775BC911D7470DC005E44C8 /* SerialService */ = {
			isa = PBXGroup;
			children = (
				0775BC7F1D721B1F005E44C8 /* BLEPlusSerialServiceController.swift */,
				07842C311D6CA9B200BADF79 /* BLEPlusSerialServiceProtocolMessage.swift */,
				07842C411D6EA01000BADF79 /* BLEPlusSerialServicePacketProvider.swift */,
				07842C2F1D6C0C9F00BADF79 /* BLEPlusSerialServicePacketReceiver.swift */,
				07C7311B1D732EAA00D5D49A /* BLEPlusSerialServiceMessage.swift */,
				07C375F71D7DC287007BE013 /* BLEPlusRequestResponseController.swift */,
			);
			name = SerialService;
			sourceTree = "<group>";
		};
		0775BCFA1D7674A3005E44C8 /* BLEPlusIOS */ = {
			isa = PBXGroup;
			children = (
				0775BCFB1D7674A3005E44C8 /* BLEPlusIOS.h */,
				0775BCFD1D7674A3005E44C8 /* Info.plist */,
			);
			path = BLEPlusIOS;
			sourceTree = "<group>";
		};
		07842C181D6C08C700BADF79 = {
			isa = PBXGroup;
			children = (
				07A193341D77B1E700CC03DC /* TODO.txt */,
				07842C241D6C08C700BADF79 /* BLEPlus */,
				0775BC6B1D712EC3005E44C8 /* BLEPlusTests */,
				0775BCFA1D7674A3005E44C8 /* BLEPlusIOS */,
			);
			sourceTree = "<group>";
		};
		07842C231D6C08C700BADF79 /* Products */ = {
			isa = PBXGroup;
			children = (
				07842C221D6C08C700BADF79 /* BLEPlus.framework */,
				0775BC6A1D712EC3005E44C8 /* BLEPlusTests.xctest */,
				0775BCF91D7674A3005E44C8 /* BLEPlusIOS.framework */,
			);
			name = Products;
			path = ..;
			sourceTree = "<group>";
		};
		07842C241D6C08C700BADF79 /* BLEPlus */ = {
			isa = PBXGroup;
			children = (
				07842C251D6C08C700BADF79 /* BLEPlus.h */,
				0714840A1D7C85C60078D15F /* BLEPlus.swift */,
				07C467DB1D7B5D6400DDE819 /* BLEPlus */,
				0775BC911D7470DC005E44C8 /* SerialService */,
				07DB27411D805804009E839C /* Services */,
				07842C231D6C08C700BADF79 /* Products */,
				07842C271D6C08C700BADF79 /* Info.plist */,
			);
			path = BLEPlus;
			sourceTree = "<group>";
		};
		07C467DB1D7B5D6400DDE819 /* BLEPlus */ = {
			isa = PBXGroup;
			children = (
				07842C3E1D6E97BD00BADF79 /* BLEPeripheral.swift */,
				07842C3D1D6E97BD00BADF79 /* BLECentralManager.swift */,
				07842C3B1D6E97AA00BADF79 /* BLEAdvertisementData.swift */,
			);
			name = BLEPlus;
			sourceTree = "<group>";
		};
		07DB27411D805804009E839C /* Services */ = {
			isa = PBXGroup;
			children = (
				07DB27421D805818009E839C /* BLEPlusHeartRateService.swift */,
				07DB27461D805B37009E839C /* BLEPlusServiceSpec.swift */,
				07DB27481D805B68009E839C /* BLEPlusCharacteristicSpec.swift */,
			);
			name = Services;
			sourceTree = "<group>";
		};
/* End PBXGroup section */

/* Begin PBXHeadersBuildPhase section */
		0775BCF61D7674A3005E44C8 /* Headers */ = {
			isa = PBXHeadersBuildPhase;
			buildActionMask = 2147483647;
			files = (
				0775BCFC1D7674A3005E44C8 /* BLEPlusIOS.h in Headers */,
			);
			runOnlyForDeploymentPostprocessing = 0;
		};
		07842C1F1D6C08C700BADF79 /* Headers */ = {
			isa = PBXHeadersBuildPhase;
			buildActionMask = 2147483647;
			files = (
				07842C261D6C08C700BADF79 /* BLEPlus.h in Headers */,
			);
			runOnlyForDeploymentPostprocessing = 0;
		};
/* End PBXHeadersBuildPhase section */

/* Begin PBXNativeTarget section */
		0775BC691D712EC3005E44C8 /* BLEPlusTests */ = {
			isa = PBXNativeTarget;
			buildConfigurationList = 0775BC721D712EC3005E44C8 /* Build configuration list for PBXNativeTarget "BLEPlusTests" */;
			buildPhases = (
				0775BC661D712EC3005E44C8 /* Sources */,
				0775BC671D712EC3005E44C8 /* Frameworks */,
				0775BC681D712EC3005E44C8 /* Resources */,
			);
			buildRules = (
			);
			dependencies = (
				0775BC711D712EC3005E44C8 /* PBXTargetDependency */,
			);
			name = BLEPlusTests;
			productName = BLEPlusTests;
			productReference = 0775BC6A1D712EC3005E44C8 /* BLEPlusTests.xctest */;
			productType = "com.apple.product-type.bundle.unit-test";
		};
		0775BCF81D7674A3005E44C8 /* BLEPlusIOS */ = {
			isa = PBXNativeTarget;
			buildConfigurationList = 0775BD001D7674A3005E44C8 /* Build configuration list for PBXNativeTarget "BLEPlusIOS" */;
			buildPhases = (
				0775BCF41D7674A3005E44C8 /* Sources */,
				0775BCF51D7674A3005E44C8 /* Frameworks */,
				0775BCF61D7674A3005E44C8 /* Headers */,
				0775BCF71D7674A3005E44C8 /* Resources */,
			);
			buildRules = (
			);
			dependencies = (
			);
			name = BLEPlusIOS;
			productName = BLEPlusIOS;
			productReference = 0775BCF91D7674A3005E44C8 /* BLEPlusIOS.framework */;
			productType = "com.apple.product-type.framework";
		};
		07842C211D6C08C700BADF79 /* BLEPlus */ = {
			isa = PBXNativeTarget;
			buildConfigurationList = 07842C2A1D6C08C700BADF79 /* Build configuration list for PBXNativeTarget "BLEPlus" */;
			buildPhases = (
				07842C1D1D6C08C700BADF79 /* Sources */,
				07842C1E1D6C08C700BADF79 /* Frameworks */,
				07842C1F1D6C08C700BADF79 /* Headers */,
				07842C201D6C08C700BADF79 /* Resources */,
			);
			buildRules = (
			);
			dependencies = (
			);
			name = BLEPlus;
			productName = BLEPlus;
			productReference = 07842C221D6C08C700BADF79 /* BLEPlus.framework */;
			productType = "com.apple.product-type.framework";
		};
/* End PBXNativeTarget section */

/* Begin PBXProject section */
		07842C191D6C08C700BADF79 /* Project object */ = {
			isa = PBXProject;
			attributes = {
				LastSwiftUpdateCheck = 0730;
				LastUpgradeCheck = 0730;
				ORGANIZATIONNAME = gngrwzrd;
				TargetAttributes = {
					0775BC691D712EC3005E44C8 = {
						CreatedOnToolsVersion = 7.3.1;
					};
					0775BCF81D7674A3005E44C8 = {
						CreatedOnToolsVersion = 7.3.1;
					};
					07842C211D6C08C700BADF79 = {
						CreatedOnToolsVersion = 7.3.1;
					};
				};
			};
			buildConfigurationList = 07842C1C1D6C08C700BADF79 /* Build configuration list for PBXProject "BLEPlus" */;
			compatibilityVersion = "Xcode 3.2";
			developmentRegion = English;
			hasScannedForEncodings = 0;
			knownRegions = (
				en,
			);
			mainGroup = 07842C181D6C08C700BADF79;
			productRefGroup = 07842C231D6C08C700BADF79 /* Products */;
			projectDirPath = "";
			projectRoot = "";
			targets = (
				07842C211D6C08C700BADF79 /* BLEPlus */,
				0775BC691D712EC3005E44C8 /* BLEPlusTests */,
				0775BCF81D7674A3005E44C8 /* BLEPlusIOS */,
			);
		};
/* End PBXProject section */

/* Begin PBXResourcesBuildPhase section */
		0775BC681D712EC3005E44C8 /* Resources */ = {
			isa = PBXResourcesBuildPhase;
			buildActionMask = 2147483647;
			files = (
				0775BC7A1D7131C8005E44C8 /* IMG_5543.JPG in Resources */,
				0775BC821D728FD6005E44C8 /* IMG_5595.JPG in Resources */,
			);
			runOnlyForDeploymentPostprocessing = 0;
		};
		0775BCF71D7674A3005E44C8 /* Resources */ = {
			isa = PBXResourcesBuildPhase;
			buildActionMask = 2147483647;
			files = (
			);
			runOnlyForDeploymentPostprocessing = 0;
		};
		07842C201D6C08C700BADF79 /* Resources */ = {
			isa = PBXResourcesBuildPhase;
			buildActionMask = 2147483647;
			files = (
				07A193351D77B1E700CC03DC /* TODO.txt in Resources */,
			);
			runOnlyForDeploymentPostprocessing = 0;
		};
/* End PBXResourcesBuildPhase section */

/* Begin PBXSourcesBuildPhase section */
		0775BC661D712EC3005E44C8 /* Sources */ = {
			isa = PBXSourcesBuildPhase;
			buildActionMask = 2147483647;
			files = (
				0775BC841D72A0A6005E44C8 /* BLEPlusTestMessageProvider.swift in Sources */,
				0775BC8A1D7331ED005E44C8 /* BLEPlusTestUserMssage.swift in Sources */,
				0775BC881D72A200005E44C8 /* BLEPlusTestMessageReceiver_NSData.swift in Sources */,
				0775BC861D72A0F0005E44C8 /* BLEPlusTestMessageReceiver.swift in Sources */,
				0775BC781D713149005E44C8 /* BLEPlusTestMessageProvider_FileHandle.swift in Sources */,
				0775BC7E1D714F9E005E44C8 /* BLEPlusTestMessageReceiver_NSFileHandle.swift in Sources */,
				0775BC761D712EE3005E44C8 /* BLEPlusTestAdvertisementData.swift in Sources */,
				0775BC7C1D7149F9005E44C8 /* BLEPlusTestMessageProvider_NSData.swift in Sources */,
			);
			runOnlyForDeploymentPostprocessing = 0;
		};
		0775BCF41D7674A3005E44C8 /* Sources */ = {
			isa = PBXSourcesBuildPhase;
			buildActionMask = 2147483647;
			files = (
				07DB27441D805A56009E839C /* BLEPlus.swift in Sources */,
				07DB27451D805A56009E839C /* BLEPlusHeartRateService.swift in Sources */,
				07C375F91D7DDCE3007BE013 /* BLEPlusRequestResponseController.swift in Sources */,
				0775BD011D7674AD005E44C8 /* BLEAdvertisementData.swift in Sources */,
				0775BD021D7674AD005E44C8 /* BLECentralManager.swift in Sources */,
				0775BD031D7674AD005E44C8 /* BLEPeripheral.swift in Sources */,
				0775BD051D7674AD005E44C8 /* BLEPlusSerialServiceController.swift in Sources */,
				0775BD061D7674AD005E44C8 /* BLEPlusSerialServiceProtocolMessage.swift in Sources */,
				0775BD071D7674AD005E44C8 /* BLEPlusSerialServicePacketProvider.swift in Sources */,
				0775BD081D7674AD005E44C8 /* BLEPlusSerialServicePacketReceiver.swift in Sources */,
				0775BD091D7674AD005E44C8 /* BLEPlusSerialServiceMessage.swift in Sources */,
			);
			runOnlyForDeploymentPostprocessing = 0;
		};
		07842C1D1D6C08C700BADF79 /* Sources */ = {
			isa = PBXSourcesBuildPhase;
			buildActionMask = 2147483647;
			files = (
				07842C321D6CA9B200BADF79 /* BLEPlusSerialServiceProtocolMessage.swift in Sources */,
				07842C421D6EA01000BADF79 /* BLEPlusSerialServicePacketProvider.swift in Sources */,
				07842C401D6E97BD00BADF79 /* BLEPeripheral.swift in Sources */,
				07C375F81D7DC287007BE013 /* BLEPlusRequestResponseController.swift in Sources */,
				0775BC801D721B1F005E44C8 /* BLEPlusSerialServiceController.swift in Sources */,
				07C7311C1D732EAA00D5D49A /* BLEPlusSerialServiceMessage.swift in Sources */,
				07842C3C1D6E97AA00BADF79 /* BLEAdvertisementData.swift in Sources */,
				0714840B1D7C85C60078D15F /* BLEPlus.swift in Sources */,
				07842C3F1D6E97BD00BADF79 /* BLECentralManager.swift in Sources */,
				07DB27431D805818009E839C /* BLEPlusHeartRateService.swift in Sources */,
				07DB27471D805B37009E839C /* BLEPlusServiceSpec.swift in Sources */,
				07842C301D6C0C9F00BADF79 /* BLEPlusSerialServicePacketReceiver.swift in Sources */,
				07DB27491D805B68009E839C /* BLEPlusCharacteristicSpec.swift in Sources */,
			);
			runOnlyForDeploymentPostprocessing = 0;
		};
/* End PBXSourcesBuildPhase section */

/* Begin PBXTargetDependency section */
		0775BC711D712EC3005E44C8 /* PBXTargetDependency */ = {
			isa = PBXTargetDependency;
			target = 07842C211D6C08C700BADF79 /* BLEPlus */;
			targetProxy = 0775BC701D712EC3005E44C8 /* PBXContainerItemProxy */;
		};
/* End PBXTargetDependency section */

/* Begin XCBuildConfiguration section */
		0775BC731D712EC3005E44C8 /* Debug */ = {
			isa = XCBuildConfiguration;
			buildSettings = {
				COMBINE_HIDPI_IMAGES = YES;
				INFOPLIST_FILE = BLEPlusTests/Info.plist;
				LD_RUNPATH_SEARCH_PATHS = "$(inherited) @executable_path/../Frameworks @loader_path/../Frameworks";
				PRODUCT_BUNDLE_IDENTIFIER = com.gngrwzrd.BLEPlusTests;
				PRODUCT_NAME = "$(TARGET_NAME)";
			};
			name = Debug;
		};
		0775BC741D712EC3005E44C8 /* Release */ = {
			isa = XCBuildConfiguration;
			buildSettings = {
				COMBINE_HIDPI_IMAGES = YES;
				INFOPLIST_FILE = BLEPlusTests/Info.plist;
				LD_RUNPATH_SEARCH_PATHS = "$(inherited) @executable_path/../Frameworks @loader_path/../Frameworks";
				PRODUCT_BUNDLE_IDENTIFIER = com.gngrwzrd.BLEPlusTests;
				PRODUCT_NAME = "$(TARGET_NAME)";
			};
			name = Release;
		};
		0775BCFE1D7674A3005E44C8 /* Debug */ = {
			isa = XCBuildConfiguration;
			buildSettings = {
				"CODE_SIGN_IDENTITY[sdk=iphoneos*]" = "iPhone Developer";
				DEFINES_MODULE = YES;
				DYLIB_COMPATIBILITY_VERSION = 1;
				DYLIB_CURRENT_VERSION = 1;
				DYLIB_INSTALL_NAME_BASE = "@rpath";
				INFOPLIST_FILE = BLEPlusIOS/Info.plist;
				INSTALL_PATH = "$(LOCAL_LIBRARY_DIR)/Frameworks";
				IPHONEOS_DEPLOYMENT_TARGET = 9.3;
				LD_RUNPATH_SEARCH_PATHS = "$(inherited) @executable_path/Frameworks @loader_path/Frameworks";
				PRODUCT_BUNDLE_IDENTIFIER = com.gngrwzrd.BLEPlusIOS;
				PRODUCT_NAME = "$(TARGET_NAME)";
				SDKROOT = iphoneos;
				SKIP_INSTALL = YES;
				TARGETED_DEVICE_FAMILY = "1,2";
			};
			name = Debug;
		};
		0775BCFF1D7674A3005E44C8 /* Release */ = {
			isa = XCBuildConfiguration;
			buildSettings = {
				"CODE_SIGN_IDENTITY[sdk=iphoneos*]" = "iPhone Developer";
				DEFINES_MODULE = YES;
				DYLIB_COMPATIBILITY_VERSION = 1;
				DYLIB_CURRENT_VERSION = 1;
				DYLIB_INSTALL_NAME_BASE = "@rpath";
				INFOPLIST_FILE = BLEPlusIOS/Info.plist;
				INSTALL_PATH = "$(LOCAL_LIBRARY_DIR)/Frameworks";
				IPHONEOS_DEPLOYMENT_TARGET = 9.3;
				LD_RUNPATH_SEARCH_PATHS = "$(inherited) @executable_path/Frameworks @loader_path/Frameworks";
				PRODUCT_BUNDLE_IDENTIFIER = com.gngrwzrd.BLEPlusIOS;
				PRODUCT_NAME = "$(TARGET_NAME)";
				SDKROOT = iphoneos;
				SKIP_INSTALL = YES;
				TARGETED_DEVICE_FAMILY = "1,2";
				VALIDATE_PRODUCT = YES;
			};
			name = Release;
		};
		07842C281D6C08C700BADF79 /* Debug */ = {
			isa = XCBuildConfiguration;
			buildSettings = {
				ALWAYS_SEARCH_USER_PATHS = NO;
				CLANG_ANALYZER_NONNULL = YES;
				CLANG_CXX_LANGUAGE_STANDARD = "gnu++0x";
				CLANG_CXX_LIBRARY = "libc++";
				CLANG_ENABLE_MODULES = YES;
				CLANG_ENABLE_OBJC_ARC = YES;
				CLANG_WARN_BOOL_CONVERSION = YES;
				CLANG_WARN_CONSTANT_CONVERSION = YES;
				CLANG_WARN_DIRECT_OBJC_ISA_USAGE = YES_ERROR;
				CLANG_WARN_EMPTY_BODY = YES;
				CLANG_WARN_ENUM_CONVERSION = YES;
				CLANG_WARN_INT_CONVERSION = YES;
				CLANG_WARN_OBJC_ROOT_CLASS = YES_ERROR;
				CLANG_WARN_UNREACHABLE_CODE = YES;
				CLANG_WARN__DUPLICATE_METHOD_MATCH = YES;
				CODE_SIGN_IDENTITY = "-";
				COPY_PHASE_STRIP = NO;
				CURRENT_PROJECT_VERSION = 1;
				DEBUG_INFORMATION_FORMAT = dwarf;
				ENABLE_STRICT_OBJC_MSGSEND = YES;
				ENABLE_TESTABILITY = YES;
				GCC_C_LANGUAGE_STANDARD = gnu99;
				GCC_DYNAMIC_NO_PIC = NO;
				GCC_NO_COMMON_BLOCKS = YES;
				GCC_OPTIMIZATION_LEVEL = 0;
				GCC_PREPROCESSOR_DEFINITIONS = (
					"DEBUG=1",
					"$(inherited)",
				);
				GCC_WARN_64_TO_32_BIT_CONVERSION = YES;
				GCC_WARN_ABOUT_RETURN_TYPE = YES_ERROR;
				GCC_WARN_UNDECLARED_SELECTOR = YES;
				GCC_WARN_UNINITIALIZED_AUTOS = YES_AGGRESSIVE;
				GCC_WARN_UNUSED_FUNCTION = YES;
				GCC_WARN_UNUSED_VARIABLE = YES;
				MACOSX_DEPLOYMENT_TARGET = 10.11;
				MTL_ENABLE_DEBUG_INFO = YES;
				ONLY_ACTIVE_ARCH = YES;
				SDKROOT = macosx;
				SWIFT_OPTIMIZATION_LEVEL = "-Onone";
				VERSIONING_SYSTEM = "apple-generic";
				VERSION_INFO_PREFIX = "";
			};
			name = Debug;
		};
		07842C291D6C08C700BADF79 /* Release */ = {
			isa = XCBuildConfiguration;
			buildSettings = {
				ALWAYS_SEARCH_USER_PATHS = NO;
				CLANG_ANALYZER_NONNULL = YES;
				CLANG_CXX_LANGUAGE_STANDARD = "gnu++0x";
				CLANG_CXX_LIBRARY = "libc++";
				CLANG_ENABLE_MODULES = YES;
				CLANG_ENABLE_OBJC_ARC = YES;
				CLANG_WARN_BOOL_CONVERSION = YES;
				CLANG_WARN_CONSTANT_CONVERSION = YES;
				CLANG_WARN_DIRECT_OBJC_ISA_USAGE = YES_ERROR;
				CLANG_WARN_EMPTY_BODY = YES;
				CLANG_WARN_ENUM_CONVERSION = YES;
				CLANG_WARN_INT_CONVERSION = YES;
				CLANG_WARN_OBJC_ROOT_CLASS = YES_ERROR;
				CLANG_WARN_UNREACHABLE_CODE = YES;
				CLANG_WARN__DUPLICATE_METHOD_MATCH = YES;
				CODE_SIGN_IDENTITY = "-";
				COPY_PHASE_STRIP = NO;
				CURRENT_PROJECT_VERSION = 1;
				DEBUG_INFORMATION_FORMAT = "dwarf-with-dsym";
				ENABLE_NS_ASSERTIONS = NO;
				ENABLE_STRICT_OBJC_MSGSEND = YES;
				GCC_C_LANGUAGE_STANDARD = gnu99;
				GCC_NO_COMMON_BLOCKS = YES;
				GCC_WARN_64_TO_32_BIT_CONVERSION = YES;
				GCC_WARN_ABOUT_RETURN_TYPE = YES_ERROR;
				GCC_WARN_UNDECLARED_SELECTOR = YES;
				GCC_WARN_UNINITIALIZED_AUTOS = YES_AGGRESSIVE;
				GCC_WARN_UNUSED_FUNCTION = YES;
				GCC_WARN_UNUSED_VARIABLE = YES;
				MACOSX_DEPLOYMENT_TARGET = 10.11;
				MTL_ENABLE_DEBUG_INFO = NO;
				SDKROOT = macosx;
				VERSIONING_SYSTEM = "apple-generic";
				VERSION_INFO_PREFIX = "";
			};
			name = Release;
		};
		07842C2B1D6C08C700BADF79 /* Debug */ = {
			isa = XCBuildConfiguration;
			buildSettings = {
				CLANG_ENABLE_MODULES = YES;
				CODE_SIGN_IDENTITY = "iPhone Developer: Aaron Smith (P2GQ2R9856)";
				COMBINE_HIDPI_IMAGES = YES;
				DEFINES_MODULE = YES;
				DYLIB_COMPATIBILITY_VERSION = 1;
				DYLIB_CURRENT_VERSION = 1;
				DYLIB_INSTALL_NAME_BASE = "@rpath";
				FRAMEWORK_VERSION = A;
				INFOPLIST_FILE = BLEPlus/Info.plist;
				INSTALL_PATH = "$(LOCAL_LIBRARY_DIR)/Frameworks";
				LD_RUNPATH_SEARCH_PATHS = "$(inherited) @executable_path/../Frameworks @loader_path/Frameworks";
				PRODUCT_BUNDLE_IDENTIFIER = com.gngrwzrd.BLEPlus;
				PRODUCT_NAME = "$(TARGET_NAME)";
				PROVISIONING_PROFILE = "cf1f2580-2ba7-47c8-b2ad-61288f2c73c7";
				SKIP_INSTALL = YES;
				SWIFT_OPTIMIZATION_LEVEL = "-Onone";
			};
			name = Debug;
		};
		07842C2C1D6C08C700BADF79 /* Release */ = {
			isa = XCBuildConfiguration;
			buildSettings = {
				CLANG_ENABLE_MODULES = YES;
				CODE_SIGN_IDENTITY = "iPhone Developer: Aaron Smith (QAL9JU3TW5)";
				COMBINE_HIDPI_IMAGES = YES;
				DEFINES_MODULE = YES;
				DYLIB_COMPATIBILITY_VERSION = 1;
				DYLIB_CURRENT_VERSION = 1;
				DYLIB_INSTALL_NAME_BASE = "@rpath";
				FRAMEWORK_VERSION = A;
				INFOPLIST_FILE = BLEPlus/Info.plist;
				INSTALL_PATH = "$(LOCAL_LIBRARY_DIR)/Frameworks";
				LD_RUNPATH_SEARCH_PATHS = "$(inherited) @executable_path/../Frameworks @loader_path/Frameworks";
				PRODUCT_BUNDLE_IDENTIFIER = com.gngrwzrd.BLEPlus;
				PRODUCT_NAME = "$(TARGET_NAME)";
				SKIP_INSTALL = YES;
			};
			name = Release;
		};
/* End XCBuildConfiguration section */

/* Begin XCConfigurationList section */
		0775BC721D712EC3005E44C8 /* Build configuration list for PBXNativeTarget "BLEPlusTests" */ = {
			isa = XCConfigurationList;
			buildConfigurations = (
				0775BC731D712EC3005E44C8 /* Debug */,
				0775BC741D712EC3005E44C8 /* Release */,
			);
			defaultConfigurationIsVisible = 0;
			defaultConfigurationName = Release;
		};
		0775BD001D7674A3005E44C8 /* Build configuration list for PBXNativeTarget "BLEPlusIOS" */ = {
			isa = XCConfigurationList;
			buildConfigurations = (
				0775BCFE1D7674A3005E44C8 /* Debug */,
				0775BCFF1D7674A3005E44C8 /* Release */,
			);
			defaultConfigurationIsVisible = 0;
			defaultConfigurationName = Release;
		};
		07842C1C1D6C08C700BADF79 /* Build configuration list for PBXProject "BLEPlus" */ = {
			isa = XCConfigurationList;
			buildConfigurations = (
				07842C281D6C08C700BADF79 /* Debug */,
				07842C291D6C08C700BADF79 /* Release */,
			);
			defaultConfigurationIsVisible = 0;
			defaultConfigurationName = Release;
		};
		07842C2A1D6C08C700BADF79 /* Build configuration list for PBXNativeTarget "BLEPlus" */ = {
			isa = XCConfigurationList;
			buildConfigurations = (
				07842C2B1D6C08C700BADF79 /* Debug */,
				07842C2C1D6C08C700BADF79 /* Release */,
			);
			defaultConfigurationIsVisible = 0;
			defaultConfigurationName = Release;
		};
/* End XCConfigurationList section */
	};
	rootObject = 07842C191D6C08C700BADF79 /* Project object */;
}
