// !$*UTF8*$!
{
	archiveVersion = 1;
	classes = {
	};
	objectVersion = 46;
	objects = {

/* Begin PBXBuildFile section */
		071024761D98317500D7D0FE /* ResetTest1.swift in Sources */ = {isa = PBXBuildFile; fileRef = 071024751D98317500D7D0FE /* ResetTest1.swift */; };
		071024781D98327500D7D0FE /* ResendTests.swift in Sources */ = {isa = PBXBuildFile; fileRef = 071024771D98327500D7D0FE /* ResendTests.swift */; };
		078A34C71D826580000CCBB1 /* BTLEPlus.h in Headers */ = {isa = PBXBuildFile; fileRef = 078A34C61D826580000CCBB1 /* BTLEPlus.h */; settings = {ATTRIBUTES = (Public, ); }; };
		078A34CE1D826580000CCBB1 /* BTLEPlus.framework in Frameworks */ = {isa = PBXBuildFile; fileRef = 078A34C31D826580000CCBB1 /* BTLEPlus.framework */; };
		078A34EB1D8265A0000CCBB1 /* BTLEAdvertisementData.swift in Sources */ = {isa = PBXBuildFile; fileRef = 078A34DD1D8265A0000CCBB1 /* BTLEAdvertisementData.swift */; };
		078A34EC1D8265A0000CCBB1 /* BTLEPlusCentralManager.swift in Sources */ = {isa = PBXBuildFile; fileRef = 078A34DE1D8265A0000CCBB1 /* BTLEPlusCentralManager.swift */; };
		078A34ED1D8265A0000CCBB1 /* BTLEPlusPeripheral.swift in Sources */ = {isa = PBXBuildFile; fileRef = 078A34DF1D8265A0000CCBB1 /* BTLEPlusPeripheral.swift */; };
		078A34F21D8265A0000CCBB1 /* BTLEPlusSerialServiceController.swift in Sources */ = {isa = PBXBuildFile; fileRef = 078A34E41D8265A0000CCBB1 /* BTLEPlusSerialServiceController.swift */; };
		078A34F31D8265A0000CCBB1 /* BTLEPlusSerialServiceMessage.swift in Sources */ = {isa = PBXBuildFile; fileRef = 078A34E51D8265A0000CCBB1 /* BTLEPlusSerialServiceMessage.swift */; };
		078A34F41D8265A0000CCBB1 /* BTLEPlusSerialServicePacketProvider.swift in Sources */ = {isa = PBXBuildFile; fileRef = 078A34E61D8265A0000CCBB1 /* BTLEPlusSerialServicePacketProvider.swift */; };
		078A34F51D8265A0000CCBB1 /* BTLEPlusSerialServicePacketReceiver.swift in Sources */ = {isa = PBXBuildFile; fileRef = 078A34E71D8265A0000CCBB1 /* BTLEPlusSerialServicePacketReceiver.swift */; };
		078A34F61D8265A0000CCBB1 /* BTLEPlusSerialServiceProtocolMessage.swift in Sources */ = {isa = PBXBuildFile; fileRef = 078A34E81D8265A0000CCBB1 /* BTLEPlusSerialServiceProtocolMessage.swift */; };
		078A35061D8265CD000CCBB1 /* BTLEPlusTestMessageProvider_NSData.swift in Sources */ = {isa = PBXBuildFile; fileRef = 078A34FB1D8265CD000CCBB1 /* BTLEPlusTestMessageProvider_NSData.swift */; };
		078A35071D8265CD000CCBB1 /* BTLEPlusTestMessageProvider.swift in Sources */ = {isa = PBXBuildFile; fileRef = 078A34FC1D8265CD000CCBB1 /* BTLEPlusTestMessageProvider.swift */; };
		078A35081D8265CD000CCBB1 /* BTLEPlusTestMessageReceiver_NSData.swift in Sources */ = {isa = PBXBuildFile; fileRef = 078A34FD1D8265CD000CCBB1 /* BTLEPlusTestMessageReceiver_NSData.swift */; };
		078A350A1D8265CD000CCBB1 /* BTLEPlusTestMessageReceiver.swift in Sources */ = {isa = PBXBuildFile; fileRef = 078A34FF1D8265CD000CCBB1 /* BTLEPlusTestMessageReceiver.swift */; };
		078A350C1D8265CD000CCBB1 /* IMG_5543.JPG in Resources */ = {isa = PBXBuildFile; fileRef = 078A35011D8265CD000CCBB1 /* IMG_5543.JPG */; };
		078A350D1D8265CD000CCBB1 /* IMG_5595.JPG in Resources */ = {isa = PBXBuildFile; fileRef = 078A35021D8265CD000CCBB1 /* IMG_5595.JPG */; };
		078A35171D826638000CCBB1 /* BTLEPlusIOS.h in Headers */ = {isa = PBXBuildFile; fileRef = 078A35161D826638000CCBB1 /* BTLEPlusIOS.h */; settings = {ATTRIBUTES = (Public, ); }; };
		078A351C1D826643000CCBB1 /* BTLEAdvertisementData.swift in Sources */ = {isa = PBXBuildFile; fileRef = 078A34DD1D8265A0000CCBB1 /* BTLEAdvertisementData.swift */; };
		078A351D1D826643000CCBB1 /* BTLEPlusCentralManager.swift in Sources */ = {isa = PBXBuildFile; fileRef = 078A34DE1D8265A0000CCBB1 /* BTLEPlusCentralManager.swift */; };
		078A351E1D826643000CCBB1 /* BTLEPlusPeripheral.swift in Sources */ = {isa = PBXBuildFile; fileRef = 078A34DF1D8265A0000CCBB1 /* BTLEPlusPeripheral.swift */; };
		078A35221D826643000CCBB1 /* BTLEPlusSerialServiceController.swift in Sources */ = {isa = PBXBuildFile; fileRef = 078A34E41D8265A0000CCBB1 /* BTLEPlusSerialServiceController.swift */; };
		078A35231D826643000CCBB1 /* BTLEPlusSerialServiceMessage.swift in Sources */ = {isa = PBXBuildFile; fileRef = 078A34E51D8265A0000CCBB1 /* BTLEPlusSerialServiceMessage.swift */; };
		078A35241D826643000CCBB1 /* BTLEPlusSerialServicePacketProvider.swift in Sources */ = {isa = PBXBuildFile; fileRef = 078A34E61D8265A0000CCBB1 /* BTLEPlusSerialServicePacketProvider.swift */; };
		078A35251D826643000CCBB1 /* BTLEPlusSerialServicePacketReceiver.swift in Sources */ = {isa = PBXBuildFile; fileRef = 078A34E71D8265A0000CCBB1 /* BTLEPlusSerialServicePacketReceiver.swift */; };
		078A35261D826643000CCBB1 /* BTLEPlusSerialServiceProtocolMessage.swift in Sources */ = {isa = PBXBuildFile; fileRef = 078A34E81D8265A0000CCBB1 /* BTLEPlusSerialServiceProtocolMessage.swift */; };
		0791EBB51D8A49CC0097DC72 /* BTLEPlus.swift in Sources */ = {isa = PBXBuildFile; fileRef = 0791EBB41D8A49CC0097DC72 /* BTLEPlus.swift */; };
		0791EBB61D8A4A650097DC72 /* BTLEPlus.swift in Sources */ = {isa = PBXBuildFile; fileRef = 0791EBB41D8A49CC0097DC72 /* BTLEPlus.swift */; };
		07AF65491D8A19280014BB1B /* NSFileManager+Extensions.swift in Sources */ = {isa = PBXBuildFile; fileRef = 07AF65481D8A19280014BB1B /* NSFileManager+Extensions.swift */; };
		07AF654A1D8A19280014BB1B /* NSFileManager+Extensions.swift in Sources */ = {isa = PBXBuildFile; fileRef = 07AF65481D8A19280014BB1B /* NSFileManager+Extensions.swift */; };
		07B671AF1D8E4CC6007A7C54 /* BTLEPlusTestProtocolMessage.swift in Sources */ = {isa = PBXBuildFile; fileRef = 078A35001D8265CD000CCBB1 /* BTLEPlusTestProtocolMessage.swift */; };
		07B671B01D8E4D22007A7C54 /* NSFileManager+ExtensionTests.swift in Sources */ = {isa = PBXBuildFile; fileRef = 07AF654B1D8A197C0014BB1B /* NSFileManager+ExtensionTests.swift */; };
		07B671B11D8E4D2E007A7C54 /* BTLEPlusTestMessageReceiver_NSFileHandle.swift in Sources */ = {isa = PBXBuildFile; fileRef = 078A34FE1D8265CD000CCBB1 /* BTLEPlusTestMessageReceiver_NSFileHandle.swift */; };
		07B671B21D8E4D31007A7C54 /* BTLEPlusTestMessageProvider_FileHandle.swift in Sources */ = {isa = PBXBuildFile; fileRef = 078A34FA1D8265CD000CCBB1 /* BTLEPlusTestMessageProvider_FileHandle.swift */; };
		07B671B31D8E4E5E007A7C54 /* BTLEPlusSerialServiceControllerBaseTests.swift in Sources */ = {isa = PBXBuildFile; fileRef = 07AF653F1D8A109F0014BB1B /* BTLEPlusSerialServiceControllerBaseTests.swift */; };
		07B671B41D8E4E60007A7C54 /* NewMessageTests.swift in Sources */ = {isa = PBXBuildFile; fileRef = 0791EBB91D8A55A80097DC72 /* NewMessageTests.swift */; };
		07B671B51D8E4E62007A7C54 /* OfferTurnTests.swift in Sources */ = {isa = PBXBuildFile; fileRef = 0791EBB71D8A4EFE0097DC72 /* OfferTurnTests.swift */; };
		07B671B61D8E4E64007A7C54 /* PeerInfoTests.swift in Sources */ = {isa = PBXBuildFile; fileRef = 07AF65421D8A13DC0014BB1B /* PeerInfoTests.swift */; };
		07B671B71D8E4E65007A7C54 /* WaitTests.swift in Sources */ = {isa = PBXBuildFile; fileRef = 0791EBBB1D8A59F50097DC72 /* WaitTests.swift */; };
		07D725F51D98D75400C12B15 /* BTLEPlusSerialServiceMessageTests.swift in Sources */ = {isa = PBXBuildFile; fileRef = 07D725F41D98D75400C12B15 /* BTLEPlusSerialServiceMessageTests.swift */; };
		07D725F71D98D8F800C12B15 /* OptionsSetTypeTests.swift in Sources */ = {isa = PBXBuildFile; fileRef = 07D725F61D98D8F800C12B15 /* OptionsSetTypeTests.swift */; };
		07D725F81D98DC0800C12B15 /* BLEPlusTestAdvertisementData.swift in Sources */ = {isa = PBXBuildFile; fileRef = 078A34F91D8265CD000CCBB1 /* BLEPlusTestAdvertisementData.swift */; };
		07D725FA1D98DE4300C12B15 /* ResetTestDropAll.swift in Sources */ = {isa = PBXBuildFile; fileRef = 07D725F91D98DE4300C12B15 /* ResetTestDropAll.swift */; };
		07D725FC1D98DFAE00C12B15 /* BTLEPlusSerialServiceTests.swift in Sources */ = {isa = PBXBuildFile; fileRef = 07D725FB1D98DFAE00C12B15 /* BTLEPlusSerialServiceTests.swift */; };
		07E997911D82FDA1004E3624 /* OptionsSetType+Extensions.swift in Sources */ = {isa = PBXBuildFile; fileRef = 07E997901D82FDA1004E3624 /* OptionsSetType+Extensions.swift */; };
		07E997951D83C5FD004E3624 /* OptionsSetType+Extensions.swift in Sources */ = {isa = PBXBuildFile; fileRef = 07E997901D82FDA1004E3624 /* OptionsSetType+Extensions.swift */; };
/* End PBXBuildFile section */

/* Begin PBXContainerItemProxy section */
		078A34CF1D826580000CCBB1 /* PBXContainerItemProxy */ = {
			isa = PBXContainerItemProxy;
			containerPortal = 078A34BA1D826580000CCBB1 /* Project object */;
			proxyType = 1;
			remoteGlobalIDString = 078A34C21D826580000CCBB1;
			remoteInfo = BTLEPlus;
		};
/* End PBXContainerItemProxy section */

/* Begin PBXFileReference section */
		071024751D98317500D7D0FE /* ResetTest1.swift */ = {isa = PBXFileReference; fileEncoding = 4; lastKnownFileType = sourcecode.swift; path = ResetTest1.swift; sourceTree = "<group>"; };
		071024771D98327500D7D0FE /* ResendTests.swift */ = {isa = PBXFileReference; fileEncoding = 4; lastKnownFileType = sourcecode.swift; path = ResendTests.swift; sourceTree = "<group>"; };
		078A34C31D826580000CCBB1 /* BTLEPlus.framework */ = {isa = PBXFileReference; explicitFileType = wrapper.framework; includeInIndex = 0; path = BTLEPlus.framework; sourceTree = BUILT_PRODUCTS_DIR; };
		078A34C61D826580000CCBB1 /* BTLEPlus.h */ = {isa = PBXFileReference; lastKnownFileType = sourcecode.c.h; path = BTLEPlus.h; sourceTree = "<group>"; };
		078A34C81D826580000CCBB1 /* Info.plist */ = {isa = PBXFileReference; lastKnownFileType = text.plist.xml; path = Info.plist; sourceTree = "<group>"; };
		078A34CD1D826580000CCBB1 /* BTLEPlusTests.xctest */ = {isa = PBXFileReference; explicitFileType = wrapper.cfbundle; includeInIndex = 0; path = BTLEPlusTests.xctest; sourceTree = BUILT_PRODUCTS_DIR; };
		078A34DD1D8265A0000CCBB1 /* BTLEAdvertisementData.swift */ = {isa = PBXFileReference; fileEncoding = 4; lastKnownFileType = sourcecode.swift; path = BTLEAdvertisementData.swift; sourceTree = "<group>"; };
		078A34DE1D8265A0000CCBB1 /* BTLEPlusCentralManager.swift */ = {isa = PBXFileReference; fileEncoding = 4; lastKnownFileType = sourcecode.swift; path = BTLEPlusCentralManager.swift; sourceTree = "<group>"; };
		078A34DF1D8265A0000CCBB1 /* BTLEPlusPeripheral.swift */ = {isa = PBXFileReference; fileEncoding = 4; lastKnownFileType = sourcecode.swift; path = BTLEPlusPeripheral.swift; sourceTree = "<group>"; };
		078A34E41D8265A0000CCBB1 /* BTLEPlusSerialServiceController.swift */ = {isa = PBXFileReference; fileEncoding = 4; lastKnownFileType = sourcecode.swift; path = BTLEPlusSerialServiceController.swift; sourceTree = "<group>"; };
		078A34E51D8265A0000CCBB1 /* BTLEPlusSerialServiceMessage.swift */ = {isa = PBXFileReference; fileEncoding = 4; lastKnownFileType = sourcecode.swift; path = BTLEPlusSerialServiceMessage.swift; sourceTree = "<group>"; };
		078A34E61D8265A0000CCBB1 /* BTLEPlusSerialServicePacketProvider.swift */ = {isa = PBXFileReference; fileEncoding = 4; lastKnownFileType = sourcecode.swift; path = BTLEPlusSerialServicePacketProvider.swift; sourceTree = "<group>"; };
		078A34E71D8265A0000CCBB1 /* BTLEPlusSerialServicePacketReceiver.swift */ = {isa = PBXFileReference; fileEncoding = 4; lastKnownFileType = sourcecode.swift; path = BTLEPlusSerialServicePacketReceiver.swift; sourceTree = "<group>"; };
		078A34E81D8265A0000CCBB1 /* BTLEPlusSerialServiceProtocolMessage.swift */ = {isa = PBXFileReference; fileEncoding = 4; lastKnownFileType = sourcecode.swift; path = BTLEPlusSerialServiceProtocolMessage.swift; sourceTree = "<group>"; };
		078A34F91D8265CD000CCBB1 /* BLEPlusTestAdvertisementData.swift */ = {isa = PBXFileReference; fileEncoding = 4; lastKnownFileType = sourcecode.swift; path = BLEPlusTestAdvertisementData.swift; sourceTree = "<group>"; };
		078A34FA1D8265CD000CCBB1 /* BTLEPlusTestMessageProvider_FileHandle.swift */ = {isa = PBXFileReference; fileEncoding = 4; lastKnownFileType = sourcecode.swift; path = BTLEPlusTestMessageProvider_FileHandle.swift; sourceTree = "<group>"; };
		078A34FB1D8265CD000CCBB1 /* BTLEPlusTestMessageProvider_NSData.swift */ = {isa = PBXFileReference; fileEncoding = 4; lastKnownFileType = sourcecode.swift; path = BTLEPlusTestMessageProvider_NSData.swift; sourceTree = "<group>"; };
		078A34FC1D8265CD000CCBB1 /* BTLEPlusTestMessageProvider.swift */ = {isa = PBXFileReference; fileEncoding = 4; lastKnownFileType = sourcecode.swift; path = BTLEPlusTestMessageProvider.swift; sourceTree = "<group>"; };
		078A34FD1D8265CD000CCBB1 /* BTLEPlusTestMessageReceiver_NSData.swift */ = {isa = PBXFileReference; fileEncoding = 4; lastKnownFileType = sourcecode.swift; path = BTLEPlusTestMessageReceiver_NSData.swift; sourceTree = "<group>"; };
		078A34FE1D8265CD000CCBB1 /* BTLEPlusTestMessageReceiver_NSFileHandle.swift */ = {isa = PBXFileReference; fileEncoding = 4; lastKnownFileType = sourcecode.swift; path = BTLEPlusTestMessageReceiver_NSFileHandle.swift; sourceTree = "<group>"; };
		078A34FF1D8265CD000CCBB1 /* BTLEPlusTestMessageReceiver.swift */ = {isa = PBXFileReference; fileEncoding = 4; lastKnownFileType = sourcecode.swift; path = BTLEPlusTestMessageReceiver.swift; sourceTree = "<group>"; };
		078A35001D8265CD000CCBB1 /* BTLEPlusTestProtocolMessage.swift */ = {isa = PBXFileReference; fileEncoding = 4; lastKnownFileType = sourcecode.swift; path = BTLEPlusTestProtocolMessage.swift; sourceTree = "<group>"; };
		078A35011D8265CD000CCBB1 /* IMG_5543.JPG */ = {isa = PBXFileReference; lastKnownFileType = image.jpeg; path = IMG_5543.JPG; sourceTree = "<group>"; };
		078A35021D8265CD000CCBB1 /* IMG_5595.JPG */ = {isa = PBXFileReference; lastKnownFileType = image.jpeg; path = IMG_5595.JPG; sourceTree = "<group>"; };
		078A35031D8265CD000CCBB1 /* Info.plist */ = {isa = PBXFileReference; fileEncoding = 4; lastKnownFileType = text.plist.xml; path = Info.plist; sourceTree = "<group>"; };
		078A35141D826638000CCBB1 /* BTLEPlusIOS.framework */ = {isa = PBXFileReference; explicitFileType = wrapper.framework; includeInIndex = 0; path = BTLEPlusIOS.framework; sourceTree = BUILT_PRODUCTS_DIR; };
		078A35161D826638000CCBB1 /* BTLEPlusIOS.h */ = {isa = PBXFileReference; lastKnownFileType = sourcecode.c.h; path = BTLEPlusIOS.h; sourceTree = "<group>"; };
		078A35181D826638000CCBB1 /* Info.plist */ = {isa = PBXFileReference; lastKnownFileType = text.plist.xml; path = Info.plist; sourceTree = "<group>"; };
		078A35891D826F7D000CCBB1 /* TODO.txt */ = {isa = PBXFileReference; lastKnownFileType = text; name = TODO.txt; path = ../TODO.txt; sourceTree = "<group>"; };
		0791EBB41D8A49CC0097DC72 /* BTLEPlus.swift */ = {isa = PBXFileReference; fileEncoding = 4; lastKnownFileType = sourcecode.swift; path = BTLEPlus.swift; sourceTree = "<group>"; };
		0791EBB71D8A4EFE0097DC72 /* OfferTurnTests.swift */ = {isa = PBXFileReference; fileEncoding = 4; lastKnownFileType = sourcecode.swift; path = OfferTurnTests.swift; sourceTree = "<group>"; };
		0791EBB91D8A55A80097DC72 /* NewMessageTests.swift */ = {isa = PBXFileReference; fileEncoding = 4; lastKnownFileType = sourcecode.swift; path = NewMessageTests.swift; sourceTree = "<group>"; };
		0791EBBB1D8A59F50097DC72 /* WaitTests.swift */ = {isa = PBXFileReference; fileEncoding = 4; lastKnownFileType = sourcecode.swift; path = WaitTests.swift; sourceTree = "<group>"; };
		07AF653F1D8A109F0014BB1B /* BTLEPlusSerialServiceControllerBaseTests.swift */ = {isa = PBXFileReference; fileEncoding = 4; lastKnownFileType = sourcecode.swift; path = BTLEPlusSerialServiceControllerBaseTests.swift; sourceTree = "<group>"; };
		07AF65421D8A13DC0014BB1B /* PeerInfoTests.swift */ = {isa = PBXFileReference; fileEncoding = 4; lastKnownFileType = sourcecode.swift; path = PeerInfoTests.swift; sourceTree = "<group>"; };
		07AF65481D8A19280014BB1B /* NSFileManager+Extensions.swift */ = {isa = PBXFileReference; fileEncoding = 4; lastKnownFileType = sourcecode.swift; path = "NSFileManager+Extensions.swift"; sourceTree = "<group>"; };
		07AF654B1D8A197C0014BB1B /* NSFileManager+ExtensionTests.swift */ = {isa = PBXFileReference; fileEncoding = 4; lastKnownFileType = sourcecode.swift; path = "NSFileManager+ExtensionTests.swift"; sourceTree = "<group>"; };
		07D725F41D98D75400C12B15 /* BTLEPlusSerialServiceMessageTests.swift */ = {isa = PBXFileReference; fileEncoding = 4; lastKnownFileType = sourcecode.swift; path = BTLEPlusSerialServiceMessageTests.swift; sourceTree = "<group>"; };
		07D725F61D98D8F800C12B15 /* OptionsSetTypeTests.swift */ = {isa = PBXFileReference; fileEncoding = 4; lastKnownFileType = sourcecode.swift; path = OptionsSetTypeTests.swift; sourceTree = "<group>"; };
		07D725F91D98DE4300C12B15 /* ResetTestDropAll.swift */ = {isa = PBXFileReference; fileEncoding = 4; lastKnownFileType = sourcecode.swift; path = ResetTestDropAll.swift; sourceTree = "<group>"; };
		07D725FB1D98DFAE00C12B15 /* BTLEPlusSerialServiceTests.swift */ = {isa = PBXFileReference; fileEncoding = 4; lastKnownFileType = sourcecode.swift; path = BTLEPlusSerialServiceTests.swift; sourceTree = "<group>"; };
		07E997901D82FDA1004E3624 /* OptionsSetType+Extensions.swift */ = {isa = PBXFileReference; fileEncoding = 4; lastKnownFileType = sourcecode.swift; path = "OptionsSetType+Extensions.swift"; sourceTree = "<group>"; };
/* End PBXFileReference section */

/* Begin PBXFrameworksBuildPhase section */
		078A34BF1D826580000CCBB1 /* Frameworks */ = {
			isa = PBXFrameworksBuildPhase;
			buildActionMask = 2147483647;
			files = (
			);
			runOnlyForDeploymentPostprocessing = 0;
		};
		078A34CA1D826580000CCBB1 /* Frameworks */ = {
			isa = PBXFrameworksBuildPhase;
			buildActionMask = 2147483647;
			files = (
				078A34CE1D826580000CCBB1 /* BTLEPlus.framework in Frameworks */,
			);
			runOnlyForDeploymentPostprocessing = 0;
		};
		078A35101D826638000CCBB1 /* Frameworks */ = {
			isa = PBXFrameworksBuildPhase;
			buildActionMask = 2147483647;
			files = (
			);
			runOnlyForDeploymentPostprocessing = 0;
		};
/* End PBXFrameworksBuildPhase section */

/* Begin PBXGroup section */
		078A34B91D826580000CCBB1 = {
			isa = PBXGroup;
			children = (
				078A35891D826F7D000CCBB1 /* TODO.txt */,
				078A34C51D826580000CCBB1 /* BTLEPlus */,
				078A34D11D826580000CCBB1 /* BTLEPlusTests */,
				078A35151D826638000CCBB1 /* BTLEPlusIOS */,
				078A34C41D826580000CCBB1 /* Products */,
			);
			sourceTree = "<group>";
		};
		078A34C41D826580000CCBB1 /* Products */ = {
			isa = PBXGroup;
			children = (
				078A34C31D826580000CCBB1 /* BTLEPlus.framework */,
				078A34CD1D826580000CCBB1 /* BTLEPlusTests.xctest */,
				078A35141D826638000CCBB1 /* BTLEPlusIOS.framework */,
			);
			name = Products;
			sourceTree = "<group>";
		};
		078A34C51D826580000CCBB1 /* BTLEPlus */ = {
			isa = PBXGroup;
			children = (
				078A34C61D826580000CCBB1 /* BTLEPlus.h */,
				0791EBB41D8A49CC0097DC72 /* BTLEPlus.swift */,
				078A35861D826E9D000CCBB1 /* DIscovery */,
				078A35841D826E72000CCBB1 /* Serial Service */,
				078A35881D826EF2000CCBB1 /* Utils */,
				078A35871D826EB5000CCBB1 /* Resources */,
			);
			path = BTLEPlus;
			sourceTree = "<group>";
		};
		078A34D11D826580000CCBB1 /* BTLEPlusTests */ = {
			isa = PBXGroup;
			children = (
				078A34F91D8265CD000CCBB1 /* BLEPlusTestAdvertisementData.swift */,
				07D725F41D98D75400C12B15 /* BTLEPlusSerialServiceMessageTests.swift */,
				07D725FB1D98DFAE00C12B15 /* BTLEPlusSerialServiceTests.swift */,
				078A34FA1D8265CD000CCBB1 /* BTLEPlusTestMessageProvider_FileHandle.swift */,
				078A34FB1D8265CD000CCBB1 /* BTLEPlusTestMessageProvider_NSData.swift */,
				078A34FC1D8265CD000CCBB1 /* BTLEPlusTestMessageProvider.swift */,
				078A34FD1D8265CD000CCBB1 /* BTLEPlusTestMessageReceiver_NSData.swift */,
				078A34FE1D8265CD000CCBB1 /* BTLEPlusTestMessageReceiver_NSFileHandle.swift */,
				078A34FF1D8265CD000CCBB1 /* BTLEPlusTestMessageReceiver.swift */,
				078A35001D8265CD000CCBB1 /* BTLEPlusTestProtocolMessage.swift */,
				07AF654B1D8A197C0014BB1B /* NSFileManager+ExtensionTests.swift */,
				07D725F61D98D8F800C12B15 /* OptionsSetTypeTests.swift */,
				07AF654D1D8A21AC0014BB1B /* Resources */,
				07AF653D1D8A103A0014BB1B /* SerialService */,
			);
			path = BTLEPlusTests;
			sourceTree = SOURCE_ROOT;
		};
		078A35151D826638000CCBB1 /* BTLEPlusIOS */ = {
			isa = PBXGroup;
			children = (
				078A35161D826638000CCBB1 /* BTLEPlusIOS.h */,
				078A35181D826638000CCBB1 /* Info.plist */,
			);
			path = BTLEPlusIOS;
			sourceTree = "<group>";
		};
		078A35841D826E72000CCBB1 /* Serial Service */ = {
			isa = PBXGroup;
			children = (
				078A34E41D8265A0000CCBB1 /* BTLEPlusSerialServiceController.swift */,
				078A34E51D8265A0000CCBB1 /* BTLEPlusSerialServiceMessage.swift */,
				078A34E61D8265A0000CCBB1 /* BTLEPlusSerialServicePacketProvider.swift */,
				078A34E71D8265A0000CCBB1 /* BTLEPlusSerialServicePacketReceiver.swift */,
				078A34E81D8265A0000CCBB1 /* BTLEPlusSerialServiceProtocolMessage.swift */,
			);
			name = "Serial Service";
			sourceTree = "<group>";
		};
		078A35861D826E9D000CCBB1 /* DIscovery */ = {
			isa = PBXGroup;
			children = (
				078A34DF1D8265A0000CCBB1 /* BTLEPlusPeripheral.swift */,
				078A34DE1D8265A0000CCBB1 /* BTLEPlusCentralManager.swift */,
			);
			name = DIscovery;
			sourceTree = "<group>";
		};
		078A35871D826EB5000CCBB1 /* Resources */ = {
			isa = PBXGroup;
			children = (
				078A34C81D826580000CCBB1 /* Info.plist */,
			);
			name = Resources;
			sourceTree = "<group>";
		};
		078A35881D826EF2000CCBB1 /* Utils */ = {
			isa = PBXGroup;
			children = (
				078A34DD1D8265A0000CCBB1 /* BTLEAdvertisementData.swift */,
				07AF65481D8A19280014BB1B /* NSFileManager+Extensions.swift */,
				07E997901D82FDA1004E3624 /* OptionsSetType+Extensions.swift */,
			);
			name = Utils;
			sourceTree = "<group>";
		};
		07AF653D1D8A103A0014BB1B /* SerialService */ = {
			isa = PBXGroup;
			children = (
				07AF653F1D8A109F0014BB1B /* BTLEPlusSerialServiceControllerBaseTests.swift */,
				0791EBB91D8A55A80097DC72 /* NewMessageTests.swift */,
				0791EBB71D8A4EFE0097DC72 /* OfferTurnTests.swift */,
				07AF65421D8A13DC0014BB1B /* PeerInfoTests.swift */,
				071024771D98327500D7D0FE /* ResendTests.swift */,
				071024751D98317500D7D0FE /* ResetTest1.swift */,
				07D725F91D98DE4300C12B15 /* ResetTestDropAll.swift */,
				0791EBBB1D8A59F50097DC72 /* WaitTests.swift */,
			);
			name = SerialService;
			sourceTree = "<group>";
		};
		07AF654D1D8A21AC0014BB1B /* Resources */ = {
			isa = PBXGroup;
			children = (
				078A35011D8265CD000CCBB1 /* IMG_5543.JPG */,
				078A35021D8265CD000CCBB1 /* IMG_5595.JPG */,
				078A35031D8265CD000CCBB1 /* Info.plist */,
			);
			name = Resources;
			sourceTree = "<group>";
		};
/* End PBXGroup section */

/* Begin PBXHeadersBuildPhase section */
		078A34C01D826580000CCBB1 /* Headers */ = {
			isa = PBXHeadersBuildPhase;
			buildActionMask = 2147483647;
			files = (
				078A34C71D826580000CCBB1 /* BTLEPlus.h in Headers */,
			);
			runOnlyForDeploymentPostprocessing = 0;
		};
		078A35111D826638000CCBB1 /* Headers */ = {
			isa = PBXHeadersBuildPhase;
			buildActionMask = 2147483647;
			files = (
				078A35171D826638000CCBB1 /* BTLEPlusIOS.h in Headers */,
			);
			runOnlyForDeploymentPostprocessing = 0;
		};
/* End PBXHeadersBuildPhase section */

/* Begin PBXNativeTarget section */
		078A34C21D826580000CCBB1 /* BTLEPlus */ = {
			isa = PBXNativeTarget;
			buildConfigurationList = 078A34D71D826580000CCBB1 /* Build configuration list for PBXNativeTarget "BTLEPlus" */;
			buildPhases = (
				078A34BE1D826580000CCBB1 /* Sources */,
				078A34BF1D826580000CCBB1 /* Frameworks */,
				078A34C01D826580000CCBB1 /* Headers */,
				078A34C11D826580000CCBB1 /* Resources */,
			);
			buildRules = (
			);
			dependencies = (
			);
			name = BTLEPlus;
			productName = BTLEPlus;
			productReference = 078A34C31D826580000CCBB1 /* BTLEPlus.framework */;
			productType = "com.apple.product-type.framework";
		};
		078A34CC1D826580000CCBB1 /* BTLEPlusTests */ = {
			isa = PBXNativeTarget;
			buildConfigurationList = 078A34DA1D826580000CCBB1 /* Build configuration list for PBXNativeTarget "BTLEPlusTests" */;
			buildPhases = (
				078A34C91D826580000CCBB1 /* Sources */,
				078A34CA1D826580000CCBB1 /* Frameworks */,
				078A34CB1D826580000CCBB1 /* Resources */,
			);
			buildRules = (
			);
			dependencies = (
				078A34D01D826580000CCBB1 /* PBXTargetDependency */,
			);
			name = BTLEPlusTests;
			productName = BTLEPlusTests;
			productReference = 078A34CD1D826580000CCBB1 /* BTLEPlusTests.xctest */;
			productType = "com.apple.product-type.bundle.unit-test";
		};
		078A35131D826638000CCBB1 /* BTLEPlusIOS */ = {
			isa = PBXNativeTarget;
			buildConfigurationList = 078A35191D826638000CCBB1 /* Build configuration list for PBXNativeTarget "BTLEPlusIOS" */;
			buildPhases = (
				078A350F1D826638000CCBB1 /* Sources */,
				078A35101D826638000CCBB1 /* Frameworks */,
				078A35111D826638000CCBB1 /* Headers */,
				078A35121D826638000CCBB1 /* Resources */,
			);
			buildRules = (
			);
			dependencies = (
			);
			name = BTLEPlusIOS;
			productName = BTLEPlusIOS;
			productReference = 078A35141D826638000CCBB1 /* BTLEPlusIOS.framework */;
			productType = "com.apple.product-type.framework";
		};
/* End PBXNativeTarget section */

/* Begin PBXProject section */
		078A34BA1D826580000CCBB1 /* Project object */ = {
			isa = PBXProject;
			attributes = {
				LastSwiftUpdateCheck = 0730;
				LastUpgradeCheck = 0730;
				ORGANIZATIONNAME = gngrwzrd;
				TargetAttributes = {
					078A34C21D826580000CCBB1 = {
						CreatedOnToolsVersion = 7.3.1;
					};
					078A34CC1D826580000CCBB1 = {
						CreatedOnToolsVersion = 7.3.1;
					};
					078A35131D826638000CCBB1 = {
						CreatedOnToolsVersion = 7.3.1;
					};
				};
			};
			buildConfigurationList = 078A34BD1D826580000CCBB1 /* Build configuration list for PBXProject "BTLEPlus" */;
			compatibilityVersion = "Xcode 3.2";
			developmentRegion = English;
			hasScannedForEncodings = 0;
			knownRegions = (
				en,
			);
			mainGroup = 078A34B91D826580000CCBB1;
			productRefGroup = 078A34C41D826580000CCBB1 /* Products */;
			projectDirPath = "";
			projectRoot = "";
			targets = (
				078A34C21D826580000CCBB1 /* BTLEPlus */,
				078A34CC1D826580000CCBB1 /* BTLEPlusTests */,
				078A35131D826638000CCBB1 /* BTLEPlusIOS */,
			);
		};
/* End PBXProject section */

/* Begin PBXResourcesBuildPhase section */
		078A34C11D826580000CCBB1 /* Resources */ = {
			isa = PBXResourcesBuildPhase;
			buildActionMask = 2147483647;
			files = (
			);
			runOnlyForDeploymentPostprocessing = 0;
		};
		078A34CB1D826580000CCBB1 /* Resources */ = {
			isa = PBXResourcesBuildPhase;
			buildActionMask = 2147483647;
			files = (
				078A350C1D8265CD000CCBB1 /* IMG_5543.JPG in Resources */,
				078A350D1D8265CD000CCBB1 /* IMG_5595.JPG in Resources */,
			);
			runOnlyForDeploymentPostprocessing = 0;
		};
		078A35121D826638000CCBB1 /* Resources */ = {
			isa = PBXResourcesBuildPhase;
			buildActionMask = 2147483647;
			files = (
			);
			runOnlyForDeploymentPostprocessing = 0;
		};
/* End PBXResourcesBuildPhase section */

/* Begin PBXSourcesBuildPhase section */
		078A34BE1D826580000CCBB1 /* Sources */ = {
			isa = PBXSourcesBuildPhase;
			buildActionMask = 2147483647;
			files = (
				078A34F61D8265A0000CCBB1 /* BTLEPlusSerialServiceProtocolMessage.swift in Sources */,
				078A34EB1D8265A0000CCBB1 /* BTLEAdvertisementData.swift in Sources */,
				078A34ED1D8265A0000CCBB1 /* BTLEPlusPeripheral.swift in Sources */,
				078A34EC1D8265A0000CCBB1 /* BTLEPlusCentralManager.swift in Sources */,
				078A34F31D8265A0000CCBB1 /* BTLEPlusSerialServiceMessage.swift in Sources */,
				07E997911D82FDA1004E3624 /* OptionsSetType+Extensions.swift in Sources */,
				078A34F21D8265A0000CCBB1 /* BTLEPlusSerialServiceController.swift in Sources */,
				07AF65491D8A19280014BB1B /* NSFileManager+Extensions.swift in Sources */,
				0791EBB51D8A49CC0097DC72 /* BTLEPlus.swift in Sources */,
				078A34F41D8265A0000CCBB1 /* BTLEPlusSerialServicePacketProvider.swift in Sources */,
				078A34F51D8265A0000CCBB1 /* BTLEPlusSerialServicePacketReceiver.swift in Sources */,
			);
			runOnlyForDeploymentPostprocessing = 0;
		};
		078A34C91D826580000CCBB1 /* Sources */ = {
			isa = PBXSourcesBuildPhase;
			buildActionMask = 2147483647;
			files = (
				07B671AF1D8E4CC6007A7C54 /* BTLEPlusTestProtocolMessage.swift in Sources */,
				078A350A1D8265CD000CCBB1 /* BTLEPlusTestMessageReceiver.swift in Sources */,
				078A35081D8265CD000CCBB1 /* BTLEPlusTestMessageReceiver_NSData.swift in Sources */,
				071024761D98317500D7D0FE /* ResetTest1.swift in Sources */,
				078A35071D8265CD000CCBB1 /* BTLEPlusTestMessageProvider.swift in Sources */,
				078A35061D8265CD000CCBB1 /* BTLEPlusTestMessageProvider_NSData.swift in Sources */,
				07D725F51D98D75400C12B15 /* BTLEPlusSerialServiceMessageTests.swift in Sources */,
				071024781D98327500D7D0FE /* ResendTests.swift in Sources */,
				07D725FC1D98DFAE00C12B15 /* BTLEPlusSerialServiceTests.swift in Sources */,
				07B671B01D8E4D22007A7C54 /* NSFileManager+ExtensionTests.swift in Sources */,
				07B671B11D8E4D2E007A7C54 /* BTLEPlusTestMessageReceiver_NSFileHandle.swift in Sources */,
				07B671B21D8E4D31007A7C54 /* BTLEPlusTestMessageProvider_FileHandle.swift in Sources */,
				07B671B31D8E4E5E007A7C54 /* BTLEPlusSerialServiceControllerBaseTests.swift in Sources */,
				07D725F71D98D8F800C12B15 /* OptionsSetTypeTests.swift in Sources */,
				07B671B41D8E4E60007A7C54 /* NewMessageTests.swift in Sources */,
				07B671B51D8E4E62007A7C54 /* OfferTurnTests.swift in Sources */,
				07D725FA1D98DE4300C12B15 /* ResetTestDropAll.swift in Sources */,
				07B671B61D8E4E64007A7C54 /* PeerInfoTests.swift in Sources */,
				07B671B71D8E4E65007A7C54 /* WaitTests.swift in Sources */,
				07D725F81D98DC0800C12B15 /* BLEPlusTestAdvertisementData.swift in Sources */,
			);
			runOnlyForDeploymentPostprocessing = 0;
		};
		078A350F1D826638000CCBB1 /* Sources */ = {
			isa = PBXSourcesBuildPhase;
			buildActionMask = 2147483647;
			files = (
				07E997951D83C5FD004E3624 /* OptionsSetType+Extensions.swift in Sources */,
				078A351C1D826643000CCBB1 /* BTLEAdvertisementData.swift in Sources */,
				078A351D1D826643000CCBB1 /* BTLEPlusCentralManager.swift in Sources */,
				078A351E1D826643000CCBB1 /* BTLEPlusPeripheral.swift in Sources */,
				078A35221D826643000CCBB1 /* BTLEPlusSerialServiceController.swift in Sources */,
				078A35231D826643000CCBB1 /* BTLEPlusSerialServiceMessage.swift in Sources */,
				07AF654A1D8A19280014BB1B /* NSFileManager+Extensions.swift in Sources */,
				0791EBB61D8A4A650097DC72 /* BTLEPlus.swift in Sources */,
				078A35241D826643000CCBB1 /* BTLEPlusSerialServicePacketProvider.swift in Sources */,
				078A35251D826643000CCBB1 /* BTLEPlusSerialServicePacketReceiver.swift in Sources */,
				078A35261D826643000CCBB1 /* BTLEPlusSerialServiceProtocolMessage.swift in Sources */,
			);
			runOnlyForDeploymentPostprocessing = 0;
		};
/* End PBXSourcesBuildPhase section */

/* Begin PBXTargetDependency section */
		078A34D01D826580000CCBB1 /* PBXTargetDependency */ = {
			isa = PBXTargetDependency;
			target = 078A34C21D826580000CCBB1 /* BTLEPlus */;
			targetProxy = 078A34CF1D826580000CCBB1 /* PBXContainerItemProxy */;
		};
/* End PBXTargetDependency section */

/* Begin XCBuildConfiguration section */
		078A34D51D826580000CCBB1 /* Debug */ = {
			isa = XCBuildConfiguration;
			buildSettings = {
				ALWAYS_SEARCH_USER_PATHS = NO;
				CLANG_ANALYZER_NONNULL = YES;
				CLANG_CXX_LANGUAGE_STANDARD = "gnu++0x";
				CLANG_CXX_LIBRARY = "libc++";
				CLANG_ENABLE_MODULES = YES;
				CLANG_ENABLE_OBJC_ARC = YES;
				CLANG_WARN_BOOL_CONVERSION = YES;
				CLANG_WARN_CONSTANT_CONVERSION = YES;
				CLANG_WARN_DIRECT_OBJC_ISA_USAGE = YES_ERROR;
				CLANG_WARN_EMPTY_BODY = YES;
				CLANG_WARN_ENUM_CONVERSION = YES;
				CLANG_WARN_INT_CONVERSION = YES;
				CLANG_WARN_OBJC_ROOT_CLASS = YES_ERROR;
				CLANG_WARN_UNREACHABLE_CODE = YES;
				CLANG_WARN__DUPLICATE_METHOD_MATCH = YES;
				CODE_SIGN_IDENTITY = "-";
				COPY_PHASE_STRIP = NO;
				CURRENT_PROJECT_VERSION = 1;
				DEBUG_INFORMATION_FORMAT = dwarf;
				ENABLE_STRICT_OBJC_MSGSEND = YES;
				ENABLE_TESTABILITY = YES;
				GCC_C_LANGUAGE_STANDARD = gnu99;
				GCC_DYNAMIC_NO_PIC = NO;
				GCC_NO_COMMON_BLOCKS = YES;
				GCC_OPTIMIZATION_LEVEL = 0;
				GCC_PREPROCESSOR_DEFINITIONS = (
					"DEBUG=1",
					"$(inherited)",
				);
				GCC_WARN_64_TO_32_BIT_CONVERSION = YES;
				GCC_WARN_ABOUT_RETURN_TYPE = YES_ERROR;
				GCC_WARN_UNDECLARED_SELECTOR = YES;
				GCC_WARN_UNINITIALIZED_AUTOS = YES_AGGRESSIVE;
				GCC_WARN_UNUSED_FUNCTION = YES;
				GCC_WARN_UNUSED_VARIABLE = YES;
				MACOSX_DEPLOYMENT_TARGET = 10.11;
				MTL_ENABLE_DEBUG_INFO = YES;
				ONLY_ACTIVE_ARCH = YES;
				SDKROOT = macosx;
				SWIFT_OPTIMIZATION_LEVEL = "-Onone";
				VERSIONING_SYSTEM = "apple-generic";
				VERSION_INFO_PREFIX = "";
			};
			name = Debug;
		};
		078A34D61D826580000CCBB1 /* Release */ = {
			isa = XCBuildConfiguration;
			buildSettings = {
				ALWAYS_SEARCH_USER_PATHS = NO;
				CLANG_ANALYZER_NONNULL = YES;
				CLANG_CXX_LANGUAGE_STANDARD = "gnu++0x";
				CLANG_CXX_LIBRARY = "libc++";
				CLANG_ENABLE_MODULES = YES;
				CLANG_ENABLE_OBJC_ARC = YES;
				CLANG_WARN_BOOL_CONVERSION = YES;
				CLANG_WARN_CONSTANT_CONVERSION = YES;
				CLANG_WARN_DIRECT_OBJC_ISA_USAGE = YES_ERROR;
				CLANG_WARN_EMPTY_BODY = YES;
				CLANG_WARN_ENUM_CONVERSION = YES;
				CLANG_WARN_INT_CONVERSION = YES;
				CLANG_WARN_OBJC_ROOT_CLASS = YES_ERROR;
				CLANG_WARN_UNREACHABLE_CODE = YES;
				CLANG_WARN__DUPLICATE_METHOD_MATCH = YES;
				CODE_SIGN_IDENTITY = "-";
				COPY_PHASE_STRIP = NO;
				CURRENT_PROJECT_VERSION = 1;
				DEBUG_INFORMATION_FORMAT = "dwarf-with-dsym";
				ENABLE_NS_ASSERTIONS = NO;
				ENABLE_STRICT_OBJC_MSGSEND = YES;
				GCC_C_LANGUAGE_STANDARD = gnu99;
				GCC_NO_COMMON_BLOCKS = YES;
				GCC_WARN_64_TO_32_BIT_CONVERSION = YES;
				GCC_WARN_ABOUT_RETURN_TYPE = YES_ERROR;
				GCC_WARN_UNDECLARED_SELECTOR = YES;
				GCC_WARN_UNINITIALIZED_AUTOS = YES_AGGRESSIVE;
				GCC_WARN_UNUSED_FUNCTION = YES;
				GCC_WARN_UNUSED_VARIABLE = YES;
				MACOSX_DEPLOYMENT_TARGET = 10.11;
				MTL_ENABLE_DEBUG_INFO = NO;
				SDKROOT = macosx;
				VERSIONING_SYSTEM = "apple-generic";
				VERSION_INFO_PREFIX = "";
			};
			name = Release;
		};
		078A34D81D826580000CCBB1 /* Debug */ = {
			isa = XCBuildConfiguration;
			buildSettings = {
				CLANG_ENABLE_MODULES = YES;
				COMBINE_HIDPI_IMAGES = YES;
				DEFINES_MODULE = YES;
				DYLIB_COMPATIBILITY_VERSION = 1;
				DYLIB_CURRENT_VERSION = 1;
				DYLIB_INSTALL_NAME_BASE = "@rpath";
				FRAMEWORK_VERSION = A;
				INFOPLIST_FILE = BTLEPlus/Info.plist;
				INSTALL_PATH = "$(LOCAL_LIBRARY_DIR)/Frameworks";
				LD_RUNPATH_SEARCH_PATHS = "$(inherited) @executable_path/../Frameworks @loader_path/Frameworks";
				PRODUCT_BUNDLE_IDENTIFIER = com.gngrwzrd.BTLEPlus;
				PRODUCT_NAME = "$(TARGET_NAME)";
				SKIP_INSTALL = YES;
				SWIFT_OPTIMIZATION_LEVEL = "-Onone";
				SWIFT_VERSION = 2.3;
			};
			name = Debug;
		};
		078A34D91D826580000CCBB1 /* Release */ = {
			isa = XCBuildConfiguration;
			buildSettings = {
				CLANG_ENABLE_MODULES = YES;
				COMBINE_HIDPI_IMAGES = YES;
				DEFINES_MODULE = YES;
				DYLIB_COMPATIBILITY_VERSION = 1;
				DYLIB_CURRENT_VERSION = 1;
				DYLIB_INSTALL_NAME_BASE = "@rpath";
				FRAMEWORK_VERSION = A;
				INFOPLIST_FILE = BTLEPlus/Info.plist;
				INSTALL_PATH = "$(LOCAL_LIBRARY_DIR)/Frameworks";
				LD_RUNPATH_SEARCH_PATHS = "$(inherited) @executable_path/../Frameworks @loader_path/Frameworks";
				PRODUCT_BUNDLE_IDENTIFIER = com.gngrwzrd.BTLEPlus;
				PRODUCT_NAME = "$(TARGET_NAME)";
				SKIP_INSTALL = YES;
				SWIFT_VERSION = 2.3;
			};
			name = Release;
		};
		078A34DB1D826580000CCBB1 /* Debug */ = {
			isa = XCBuildConfiguration;
			buildSettings = {
				COMBINE_HIDPI_IMAGES = YES;
				INFOPLIST_FILE = BTLEPlusTests/Info.plist;
				LD_RUNPATH_SEARCH_PATHS = "$(inherited) @executable_path/../Frameworks @loader_path/../Frameworks";
				PRODUCT_BUNDLE_IDENTIFIER = com.gngrwzrd.BTLEPlusTests;
				PRODUCT_NAME = "$(TARGET_NAME)";
				SWIFT_VERSION = 2.3;
			};
			name = Debug;
		};
		078A34DC1D826580000CCBB1 /* Release */ = {
			isa = XCBuildConfiguration;
			buildSettings = {
				COMBINE_HIDPI_IMAGES = YES;
				INFOPLIST_FILE = BTLEPlusTests/Info.plist;
				LD_RUNPATH_SEARCH_PATHS = "$(inherited) @executable_path/../Frameworks @loader_path/../Frameworks";
				PRODUCT_BUNDLE_IDENTIFIER = com.gngrwzrd.BTLEPlusTests;
				PRODUCT_NAME = "$(TARGET_NAME)";
				SWIFT_VERSION = 2.3;
			};
			name = Release;
		};
		078A351A1D826638000CCBB1 /* Debug */ = {
			isa = XCBuildConfiguration;
			buildSettings = {
				"CODE_SIGN_IDENTITY[sdk=iphoneos*]" = "iPhone Developer";
				DEFINES_MODULE = YES;
				DYLIB_COMPATIBILITY_VERSION = 1;
				DYLIB_CURRENT_VERSION = 1;
				DYLIB_INSTALL_NAME_BASE = "@rpath";
				INFOPLIST_FILE = BTLEPlusIOS/Info.plist;
				INSTALL_PATH = "$(LOCAL_LIBRARY_DIR)/Frameworks";
				IPHONEOS_DEPLOYMENT_TARGET = 9.3;
				LD_RUNPATH_SEARCH_PATHS = "$(inherited) @executable_path/Frameworks @loader_path/Frameworks";
				PRODUCT_BUNDLE_IDENTIFIER = com.gngrwzrd.BTLEPlusIOS;
				PRODUCT_NAME = "$(TARGET_NAME)";
				SDKROOT = iphoneos;
				SKIP_INSTALL = YES;
				SWIFT_VERSION = 2.3;
				TARGETED_DEVICE_FAMILY = "1,2";
			};
			name = Debug;
		};
		078A351B1D826638000CCBB1 /* Release */ = {
			isa = XCBuildConfiguration;
			buildSettings = {
				"CODE_SIGN_IDENTITY[sdk=iphoneos*]" = "iPhone Developer";
				DEFINES_MODULE = YES;
				DYLIB_COMPATIBILITY_VERSION = 1;
				DYLIB_CURRENT_VERSION = 1;
				DYLIB_INSTALL_NAME_BASE = "@rpath";
				INFOPLIST_FILE = BTLEPlusIOS/Info.plist;
				INSTALL_PATH = "$(LOCAL_LIBRARY_DIR)/Frameworks";
				IPHONEOS_DEPLOYMENT_TARGET = 9.3;
				LD_RUNPATH_SEARCH_PATHS = "$(inherited) @executable_path/Frameworks @loader_path/Frameworks";
				PRODUCT_BUNDLE_IDENTIFIER = com.gngrwzrd.BTLEPlusIOS;
				PRODUCT_NAME = "$(TARGET_NAME)";
				SDKROOT = iphoneos;
				SKIP_INSTALL = YES;
				SWIFT_VERSION = 2.3;
				TARGETED_DEVICE_FAMILY = "1,2";
				VALIDATE_PRODUCT = YES;
			};
			name = Release;
		};
/* End XCBuildConfiguration section */

/* Begin XCConfigurationList section */
		078A34BD1D826580000CCBB1 /* Build configuration list for PBXProject "BTLEPlus" */ = {
			isa = XCConfigurationList;
			buildConfigurations = (
				078A34D51D826580000CCBB1 /* Debug */,
				078A34D61D826580000CCBB1 /* Release */,
			);
			defaultConfigurationIsVisible = 0;
			defaultConfigurationName = Release;
		};
		078A34D71D826580000CCBB1 /* Build configuration list for PBXNativeTarget "BTLEPlus" */ = {
			isa = XCConfigurationList;
			buildConfigurations = (
				078A34D81D826580000CCBB1 /* Debug */,
				078A34D91D826580000CCBB1 /* Release */,
			);
			defaultConfigurationIsVisible = 0;
			defaultConfigurationName = Release;
		};
		078A34DA1D826580000CCBB1 /* Build configuration list for PBXNativeTarget "BTLEPlusTests" */ = {
			isa = XCConfigurationList;
			buildConfigurations = (
				078A34DB1D826580000CCBB1 /* Debug */,
				078A34DC1D826580000CCBB1 /* Release */,
			);
			defaultConfigurationIsVisible = 0;
			defaultConfigurationName = Release;
		};
		078A35191D826638000CCBB1 /* Build configuration list for PBXNativeTarget "BTLEPlusIOS" */ = {
			isa = XCConfigurationList;
			buildConfigurations = (
				078A351A1D826638000CCBB1 /* Debug */,
				078A351B1D826638000CCBB1 /* Release */,
			);
			defaultConfigurationIsVisible = 0;
			defaultConfigurationName = Release;
		};
/* End XCConfigurationList section */
	};
	rootObject = 078A34BA1D826580000CCBB1 /* Project object */;
}
